// !$*UTF8*$!
{
	archiveVersion = 1;
	classes = {
	};
	objectVersion = 46;
	objects = {

/* Begin PBXBuildFile section */
		6DA692E01A208E1B00DFEEF9 /* main.m in Sources */ = {isa = PBXBuildFile; fileRef = 6DA692DF1A208E1B00DFEEF9 /* main.m */; };
		6DA692E31A208E1B00DFEEF9 /* AppDelegate.m in Sources */ = {isa = PBXBuildFile; fileRef = 6DA692E21A208E1B00DFEEF9 /* AppDelegate.m */; };
		6DA692E61A208E1B00DFEEF9 /* ViewController.m in Sources */ = {isa = PBXBuildFile; fileRef = 6DA692E51A208E1B00DFEEF9 /* ViewController.m */; };
		6DA692E91A208E1B00DFEEF9 /* Main.storyboard in Resources */ = {isa = PBXBuildFile; fileRef = 6DA692E71A208E1B00DFEEF9 /* Main.storyboard */; };
		6DA692EB1A208E1B00DFEEF9 /* Images.xcassets in Resources */ = {isa = PBXBuildFile; fileRef = 6DA692EA1A208E1B00DFEEF9 /* Images.xcassets */; };
		6DA692EE1A208E1B00DFEEF9 /* LaunchScreen.xib in Resources */ = {isa = PBXBuildFile; fileRef = 6DA692EC1A208E1B00DFEEF9 /* LaunchScreen.xib */; };
		6DA692FA1A208E1B00DFEEF9 /* Earn_ItTests.m in Sources */ = {isa = PBXBuildFile; fileRef = 6DA692F91A208E1B00DFEEF9 /* Earn_ItTests.m */; };
/* End PBXBuildFile section */

/* Begin PBXContainerItemProxy section */
		6DA692F41A208E1B00DFEEF9 /* PBXContainerItemProxy */ = {
			isa = PBXContainerItemProxy;
			containerPortal = 6DA692D21A208E1B00DFEEF9 /* Project object */;
			proxyType = 1;
			remoteGlobalIDString = 6DA692D91A208E1B00DFEEF9;
			remoteInfo = "Earn It";
		};
/* End PBXContainerItemProxy section */

/* Begin PBXFileReference section */
		6DA692DA1A208E1B00DFEEF9 /* Earn It.app */ = {isa = PBXFileReference; explicitFileType = wrapper.application; includeInIndex = 0; path = "Earn It.app"; sourceTree = BUILT_PRODUCTS_DIR; };
		6DA692DE1A208E1B00DFEEF9 /* Info.plist */ = {isa = PBXFileReference; lastKnownFileType = text.plist.xml; path = Info.plist; sourceTree = "<group>"; };
		6DA692DF1A208E1B00DFEEF9 /* main.m */ = {isa = PBXFileReference; lastKnownFileType = sourcecode.c.objc; path = main.m; sourceTree = "<group>"; };
		6DA692E11A208E1B00DFEEF9 /* AppDelegate.h */ = {isa = PBXFileReference; lastKnownFileType = sourcecode.c.h; path = AppDelegate.h; sourceTree = "<group>"; };
		6DA692E21A208E1B00DFEEF9 /* AppDelegate.m */ = {isa = PBXFileReference; lastKnownFileType = sourcecode.c.objc; path = AppDelegate.m; sourceTree = "<group>"; };
		6DA692E41A208E1B00DFEEF9 /* ViewController.h */ = {isa = PBXFileReference; lastKnownFileType = sourcecode.c.h; path = ViewController.h; sourceTree = "<group>"; };
		6DA692E51A208E1B00DFEEF9 /* ViewController.m */ = {isa = PBXFileReference; lastKnownFileType = sourcecode.c.objc; path = ViewController.m; sourceTree = "<group>"; };
		6DA692E81A208E1B00DFEEF9 /* Base */ = {isa = PBXFileReference; lastKnownFileType = file.storyboard; name = Base; path = Base.lproj/Main.storyboard; sourceTree = "<group>"; };
		6DA692EA1A208E1B00DFEEF9 /* Images.xcassets */ = {isa = PBXFileReference; lastKnownFileType = folder.assetcatalog; path = Images.xcassets; sourceTree = "<group>"; };
		6DA692ED1A208E1B00DFEEF9 /* Base */ = {isa = PBXFileReference; lastKnownFileType = file.xib; name = Base; path = Base.lproj/LaunchScreen.xib; sourceTree = "<group>"; };
		6DA692F31A208E1B00DFEEF9 /* Earn ItTests.xctest */ = {isa = PBXFileReference; explicitFileType = wrapper.cfbundle; includeInIndex = 0; path = "Earn ItTests.xctest"; sourceTree = BUILT_PRODUCTS_DIR; };
		6DA692F81A208E1B00DFEEF9 /* Info.plist */ = {isa = PBXFileReference; lastKnownFileType = text.plist.xml; path = Info.plist; sourceTree = "<group>"; };
		6DA692F91A208E1B00DFEEF9 /* Earn_ItTests.m */ = {isa = PBXFileReference; lastKnownFileType = sourcecode.c.objc; path = Earn_ItTests.m; sourceTree = "<group>"; };
/* End PBXFileReference section */

/* Begin PBXFrameworksBuildPhase section */
		6DA692D71A208E1B00DFEEF9 /* Frameworks */ = {
			isa = PBXFrameworksBuildPhase;
			buildActionMask = 2147483647;
			files = (
			);
			runOnlyForDeploymentPostprocessing = 0;
		};
		6DA692F01A208E1B00DFEEF9 /* Frameworks */ = {
			isa = PBXFrameworksBuildPhase;
			buildActionMask = 2147483647;
			files = (
			);
			runOnlyForDeploymentPostprocessing = 0;
		};
/* End PBXFrameworksBuildPhase section */

/* Begin PBXGroup section */
		6DA692D11A208E1B00DFEEF9 = {
			isa = PBXGroup;
			children = (
				6DA692DC1A208E1B00DFEEF9 /* Earn It */,
				6DA692F61A208E1B00DFEEF9 /* Earn ItTests */,
				6DA692DB1A208E1B00DFEEF9 /* Products */,
			);
			sourceTree = "<group>";
		};
		6DA692DB1A208E1B00DFEEF9 /* Products */ = {
			isa = PBXGroup;
			children = (
				6DA692DA1A208E1B00DFEEF9 /* Earn It.app */,
				6DA692F31A208E1B00DFEEF9 /* Earn ItTests.xctest */,
			);
			name = Products;
			sourceTree = "<group>";
		};
		6DA692DC1A208E1B00DFEEF9 /* Earn It */ = {
			isa = PBXGroup;
			children = (
				6DA692E11A208E1B00DFEEF9 /* AppDelegate.h */,
				6DA692E21A208E1B00DFEEF9 /* AppDelegate.m */,
				6DA692E41A208E1B00DFEEF9 /* ViewController.h */,
				6DA692E51A208E1B00DFEEF9 /* ViewController.m */,
				6DA692E71A208E1B00DFEEF9 /* Main.storyboard */,
				6DA692EA1A208E1B00DFEEF9 /* Images.xcassets */,
				6DA692EC1A208E1B00DFEEF9 /* LaunchScreen.xib */,
				6DA692DD1A208E1B00DFEEF9 /* Supporting Files */,
			);
			path = "Earn It";
			sourceTree = "<group>";
		};
		6DA692DD1A208E1B00DFEEF9 /* Supporting Files */ = {
			isa = PBXGroup;
			children = (
				6DA692DE1A208E1B00DFEEF9 /* Info.plist */,
				6DA692DF1A208E1B00DFEEF9 /* main.m */,
			);
			name = "Supporting Files";
			sourceTree = "<group>";
		};
		6DA692F61A208E1B00DFEEF9 /* Earn ItTests */ = {
			isa = PBXGroup;
			children = (
				6DA692F91A208E1B00DFEEF9 /* Earn_ItTests.m */,
				6DA692F71A208E1B00DFEEF9 /* Supporting Files */,
			);
			path = "Earn ItTests";
			sourceTree = "<group>";
		};
		6DA692F71A208E1B00DFEEF9 /* Supporting Files */ = {
			isa = PBXGroup;
			children = (
				6DA692F81A208E1B00DFEEF9 /* Info.plist */,
			);
			name = "Supporting Files";
			sourceTree = "<group>";
		};
/* End PBXGroup section */

/* Begin PBXNativeTarget section */
		6DA692D91A208E1B00DFEEF9 /* Earn It */ = {
			isa = PBXNativeTarget;
			buildConfigurationList = 6DA692FD1A208E1B00DFEEF9 /* Build configuration list for PBXNativeTarget "Earn It" */;
			buildPhases = (
				6DA692D61A208E1B00DFEEF9 /* Sources */,
				6DA692D71A208E1B00DFEEF9 /* Frameworks */,
				6DA692D81A208E1B00DFEEF9 /* Resources */,
			);
			buildRules = (
			);
			dependencies = (
			);
			name = "Earn It";
			productName = "Earn It";
			productReference = 6DA692DA1A208E1B00DFEEF9 /* Earn It.app */;
			productType = "com.apple.product-type.application";
		};
		6DA692F21A208E1B00DFEEF9 /* Earn ItTests */ = {
			isa = PBXNativeTarget;
			buildConfigurationList = 6DA693001A208E1B00DFEEF9 /* Build configuration list for PBXNativeTarget "Earn ItTests" */;
			buildPhases = (
				6DA692EF1A208E1B00DFEEF9 /* Sources */,
				6DA692F01A208E1B00DFEEF9 /* Frameworks */,
				6DA692F11A208E1B00DFEEF9 /* Resources */,
			);
			buildRules = (
			);
			dependencies = (
				6DA692F51A208E1B00DFEEF9 /* PBXTargetDependency */,
			);
			name = "Earn ItTests";
			productName = "Earn ItTests";
			productReference = 6DA692F31A208E1B00DFEEF9 /* Earn ItTests.xctest */;
			productType = "com.apple.product-type.bundle.unit-test";
		};
/* End PBXNativeTarget section */

/* Begin PBXProject section */
		6DA692D21A208E1B00DFEEF9 /* Project object */ = {
			isa = PBXProject;
			attributes = {
				LastUpgradeCheck = 0610;
				ORGANIZATIONNAME = Nitesh;
				TargetAttributes = {
					6DA692D91A208E1B00DFEEF9 = {
						CreatedOnToolsVersion = 6.1;
					};
					6DA692F21A208E1B00DFEEF9 = {
						CreatedOnToolsVersion = 6.1;
						TestTargetID = 6DA692D91A208E1B00DFEEF9;
					};
				};
			};
			buildConfigurationList = 6DA692D51A208E1B00DFEEF9 /* Build configuration list for PBXProject "Earn It" */;
			compatibilityVersion = "Xcode 3.2";
			developmentRegion = English;
			hasScannedForEncodings = 0;
			knownRegions = (
				en,
				Base,
			);
			mainGroup = 6DA692D11A208E1B00DFEEF9;
			productRefGroup = 6DA692DB1A208E1B00DFEEF9 /* Products */;
			projectDirPath = "";
			projectRoot = "";
			targets = (
				6DA692D91A208E1B00DFEEF9 /* Earn It */,
				6DA692F21A208E1B00DFEEF9 /* Earn ItTests */,
			);
		};
/* End PBXProject section */

/* Begin PBXResourcesBuildPhase section */
		6DA692D81A208E1B00DFEEF9 /* Resources */ = {
			isa = PBXResourcesBuildPhase;
			buildActionMask = 2147483647;
			files = (
				6DA692E91A208E1B00DFEEF9 /* Main.storyboard in Resources */,
				6DA692EE1A208E1B00DFEEF9 /* LaunchScreen.xib in Resources */,
				6DA692EB1A208E1B00DFEEF9 /* Images.xcassets in Resources */,
			);
			runOnlyForDeploymentPostprocessing = 0;
		};
		6DA692F11A208E1B00DFEEF9 /* Resources */ = {
			isa = PBXResourcesBuildPhase;
			buildActionMask = 2147483647;
			files = (
			);
			runOnlyForDeploymentPostprocessing = 0;
		};
/* End PBXResourcesBuildPhase section */

/* Begin PBXSourcesBuildPhase section */
		6DA692D61A208E1B00DFEEF9 /* Sources */ = {
			isa = PBXSourcesBuildPhase;
			buildActionMask = 2147483647;
			files = (
				6DA692E61A208E1B00DFEEF9 /* ViewController.m in Sources */,
				6DA692E31A208E1B00DFEEF9 /* AppDelegate.m in Sources */,
				6DA692E01A208E1B00DFEEF9 /* main.m in Sources */,
			);
			runOnlyForDeploymentPostprocessing = 0;
		};
		6DA692EF1A208E1B00DFEEF9 /* Sources */ = {
			isa = PBXSourcesBuildPhase;
			buildActionMask = 2147483647;
			files = (
				6DA692FA1A208E1B00DFEEF9 /* Earn_ItTests.m in Sources */,
			);
			runOnlyForDeploymentPostprocessing = 0;
		};
/* End PBXSourcesBuildPhase section */

/* Begin PBXTargetDependency section */
		6DA692F51A208E1B00DFEEF9 /* PBXTargetDependency */ = {
			isa = PBXTargetDependency;
			target = 6DA692D91A208E1B00DFEEF9 /* Earn It */;
			targetProxy = 6DA692F41A208E1B00DFEEF9 /* PBXContainerItemProxy */;
		};
/* End PBXTargetDependency section */

/* Begin PBXVariantGroup section */
		6DA692E71A208E1B00DFEEF9 /* Main.storyboard */ = {
			isa = PBXVariantGroup;
			children = (
				6DA692E81A208E1B00DFEEF9 /* Base */,
			);
			name = Main.storyboard;
			sourceTree = "<group>";
		};
		6DA692EC1A208E1B00DFEEF9 /* LaunchScreen.xib */ = {
			isa = PBXVariantGroup;
			children = (
				6DA692ED1A208E1B00DFEEF9 /* Base */,
			);
			name = LaunchScreen.xib;
			sourceTree = "<group>";
		};
/* End PBXVariantGroup section */

/* Begin XCBuildConfiguration section */
		6DA692FB1A208E1B00DFEEF9 /* Debug */ = {
			isa = XCBuildConfiguration;
			buildSettings = {
				ALWAYS_SEARCH_USER_PATHS = NO;
				CLANG_CXX_LANGUAGE_STANDARD = "gnu++0x";
				CLANG_CXX_LIBRARY = "libc++";
				CLANG_ENABLE_MODULES = YES;
				CLANG_ENABLE_OBJC_ARC = YES;
				CLANG_WARN_BOOL_CONVERSION = YES;
				CLANG_WARN_CONSTANT_CONVERSION = YES;
				CLANG_WARN_DIRECT_OBJC_ISA_USAGE = YES_ERROR;
				CLANG_WARN_EMPTY_BODY = YES;
				CLANG_WARN_ENUM_CONVERSION = YES;
				CLANG_WARN_INT_CONVERSION = YES;
				CLANG_WARN_OBJC_ROOT_CLASS = YES_ERROR;
				CLANG_WARN_UNREACHABLE_CODE = YES;
				CLANG_WARN__DUPLICATE_METHOD_MATCH = YES;
				"CODE_SIGN_IDENTITY[sdk=iphoneos*]" = "iPhone Developer";
				COPY_PHASE_STRIP = NO;
				ENABLE_STRICT_OBJC_MSGSEND = YES;
				GCC_C_LANGUAGE_STANDARD = gnu99;
				GCC_DYNAMIC_NO_PIC = NO;
				GCC_OPTIMIZATION_LEVEL = 0;
				GCC_PREPROCESSOR_DEFINITIONS = (
					"DEBUG=1",
					"$(inherited)",
				);
				GCC_SYMBOLS_PRIVATE_EXTERN = NO;
				GCC_WARN_64_TO_32_BIT_CONVERSION = YES;
				GCC_WARN_ABOUT_RETURN_TYPE = YES_ERROR;
				GCC_WARN_UNDECLARED_SELECTOR = YES;
				GCC_WARN_UNINITIALIZED_AUTOS = YES_AGGRESSIVE;
				GCC_WARN_UNUSED_FUNCTION = YES;
				GCC_WARN_UNUSED_VARIABLE = YES;
				IPHONEOS_DEPLOYMENT_TARGET = 8.1;
				MTL_ENABLE_DEBUG_INFO = YES;
				ONLY_ACTIVE_ARCH = YES;
				SDKROOT = iphoneos;
			};
			name = Debug;
		};
		6DA692FC1A208E1B00DFEEF9 /* Release */ = {
			isa = XCBuildConfiguration;
			buildSettings = {
				ALWAYS_SEARCH_USER_PATHS = NO;
				CLANG_CXX_LANGUAGE_STANDARD = "gnu++0x";
				CLANG_CXX_LIBRARY = "libc++";
				CLANG_ENABLE_MODULES = YES;
				CLANG_ENABLE_OBJC_ARC = YES;
				CLANG_WARN_BOOL_CONVERSION = YES;
				CLANG_WARN_CONSTANT_CONVERSION = YES;
				CLANG_WARN_DIRECT_OBJC_ISA_USAGE = YES_ERROR;
				CLANG_WARN_EMPTY_BODY = YES;
				CLANG_WARN_ENUM_CONVERSION = YES;
				CLANG_WARN_INT_CONVERSION = YES;
				CLANG_WARN_OBJC_ROOT_CLASS = YES_ERROR;
				CLANG_WARN_UNREACHABLE_CODE = YES;
				CLANG_WARN__DUPLICATE_METHOD_MATCH = YES;
				"CODE_SIGN_IDENTITY[sdk=iphoneos*]" = "iPhone Developer";
				COPY_PHASE_STRIP = YES;
				ENABLE_NS_ASSERTIONS = NO;
				ENABLE_STRICT_OBJC_MSGSEND = YES;
				GCC_C_LANGUAGE_STANDARD = gnu99;
				GCC_WARN_64_TO_32_BIT_CONVERSION = YES;
				GCC_WARN_ABOUT_RETURN_TYPE = YES_ERROR;
				GCC_WARN_UNDECLARED_SELECTOR = YES;
				GCC_WARN_UNINITIALIZED_AUTOS = YES_AGGRESSIVE;
				GCC_WARN_UNUSED_FUNCTION = YES;
				GCC_WARN_UNUSED_VARIABLE = YES;
				IPHONEOS_DEPLOYMENT_TARGET = 8.1;
				MTL_ENABLE_DEBUG_INFO = NO;
				SDKROOT = iphoneos;
				VALIDATE_PRODUCT = YES;
			};
			name = Release;
		};
		6DA692FE1A208E1B00DFEEF9 /* Debug */ = {
			isa = XCBuildConfiguration;
			buildSettings = {
				ASSETCATALOG_COMPILER_APPICON_NAME = AppIcon;
				INFOPLIST_FILE = "Earn It/Info.plist";
				LD_RUNPATH_SEARCH_PATHS = "$(inherited) @executable_path/Frameworks";
				PRODUCT_NAME = "$(TARGET_NAME)";
			};
			name = Debug;
		};
		6DA692FF1A208E1B00DFEEF9 /* Release */ = {
			isa = XCBuildConfiguration;
			buildSettings = {
				ASSETCATALOG_COMPILER_APPICON_NAME = AppIcon;
				INFOPLIST_FILE = "Earn It/Info.plist";
				LD_RUNPATH_SEARCH_PATHS = "$(inherited) @executable_path/Frameworks";
				PRODUCT_NAME = "$(TARGET_NAME)";
			};
			name = Release;
		};
		6DA693011A208E1B00DFEEF9 /* Debug */ = {
			isa = XCBuildConfiguration;
			buildSettings = {
				BUNDLE_LOADER = "$(TEST_HOST)";
				FRAMEWORK_SEARCH_PATHS = (
					"$(SDKROOT)/Developer/Library/Frameworks",
					"$(inherited)",
				);
				GCC_PREPROCESSOR_DEFINITIONS = (
					"DEBUG=1",
					"$(inherited)",
				);
				INFOPLIST_FILE = "Earn ItTests/Info.plist";
				LD_RUNPATH_SEARCH_PATHS = "$(inherited) @executable_path/Frameworks @loader_path/Frameworks";
				PRODUCT_NAME = "$(TARGET_NAME)";
				TEST_HOST = "$(BUILT_PRODUCTS_DIR)/Earn It.app/Earn It";
			};
			name = Debug;
		};
		6DA693021A208E1B00DFEEF9 /* Release */ = {
			isa = XCBuildConfiguration;
			buildSettings = {
				BUNDLE_LOADER = "$(TEST_HOST)";
				FRAMEWORK_SEARCH_PATHS = (
					"$(SDKROOT)/Developer/Library/Frameworks",
					"$(inherited)",
				);
				INFOPLIST_FILE = "Earn ItTests/Info.plist";
				LD_RUNPATH_SEARCH_PATHS = "$(inherited) @executable_path/Frameworks @loader_path/Frameworks";
				PRODUCT_NAME = "$(TARGET_NAME)";
				TEST_HOST = "$(BUILT_PRODUCTS_DIR)/Earn It.app/Earn It";
			};
			name = Release;
		};
/* End XCBuildConfiguration section */

/* Begin XCConfigurationList section */
		6DA692D51A208E1B00DFEEF9 /* Build configuration list for PBXProject "Earn It" */ = {
			isa = XCConfigurationList;
			buildConfigurations = (
				6DA692FB1A208E1B00DFEEF9 /* Debug */,
				6DA692FC1A208E1B00DFEEF9 /* Release */,
			);
			defaultConfigurationIsVisible = 0;
			defaultConfigurationName = Release;
		};
		6DA692FD1A208E1B00DFEEF9 /* Build configuration list for PBXNativeTarget "Earn It" */ = {
			isa = XCConfigurationList;
			buildConfigurations = (
				6DA692FE1A208E1B00DFEEF9 /* Debug */,
				6DA692FF1A208E1B00DFEEF9 /* Release */,
			);
			defaultConfigurationIsVisible = 0;
		};
		6DA693001A208E1B00DFEEF9 /* Build configuration list for PBXNativeTarget "Earn ItTests" */ = {
			isa = XCConfigurationList;
			buildConfigurations = (
				6DA693011A208E1B00DFEEF9 /* Debug */,
				6DA693021A208E1B00DFEEF9 /* Release */,
			);
			defaultConfigurationIsVisible = 0;
		};
/* End XCConfigurationList section */
	};
	rootObject = 6DA692D21A208E1B00DFEEF9 /* Project object */;
}
